
Microsoft Visual Studio Solution File, Format Version 12.00
# Visual Studio Version 17
VisualStudioVersion = 17.14.36212.18 d17.14
MinimumVisualStudioVersion = 10.0.40219.1
Project("{FAE04EC0-301F-11D3-BF4B-00C04F79EFBC}") = "RealEstateWeb", "RealEstateWeb\RealEstateWeb.csproj", "{942A8D1B-6348-4321-B64E-3BAE5FE1CE58}"
EndProject
Global
	GlobalSection(SolutionConfigurationPlatforms) = preSolution
		Debug|Any CPU = Debug|Any CPU
		Release|Any CPU = Release|Any CPU
	EndGlobalSection
	GlobalSection(ProjectConfigurationPlatforms) = postSolution
		{942A8D1B-6348-4321-B64E-3BAE5FE1CE58}.Debug|Any CPU.ActiveCfg = Debug|Any CPU
		{942A8D1B-6348-4321-B64E-3BAE5FE1CE58}.Debug|Any CPU.Build.0 = Debug|Any CPU
		{942A8D1B-6348-4321-B64E-3BAE5FE1CE58}.Release|Any CPU.ActiveCfg = Release|Any CPU
		{942A8D1B-6348-4321-B64E-3BAE5FE1CE58}.Release|Any CPU.Build.0 = Release|Any CPU
	EndGlobalSection
	GlobalSection(SolutionProperties) = preSolution
		HideSolutionNode = FALSE
	EndGlobalSection
	GlobalSection(ExtensibilityGlobals) = postSolution
		SolutionGuid = {43BB5012-54A2-4F6A-A9F6-915B3BDA698D}
	EndGlobalSection
EndGlobal
